// !$*UTF8*$!
{
	archiveVersion = 1;
	classes = {
	};
	objectVersion = 51;
	objects = {

/* Begin PBXBuildFile section */
		B2147E5D22816E35007B22B8 /* classModel.swift in Sources */ = {isa = PBXBuildFile; fileRef = B2147E5C22816E35007B22B8 /* classModel.swift */; };
		B29B8122227EB91C00AACD85 /* HomeController.swift in Sources */ = {isa = PBXBuildFile; fileRef = B29B8121227EB91C00AACD85 /* HomeController.swift */; };
		B2E13A28227D42F0005A3391 /* AppDelegate.swift in Sources */ = {isa = PBXBuildFile; fileRef = B2E13A27227D42F0005A3391 /* AppDelegate.swift */; };
		B2E13A2A227D42F0005A3391 /* ViewController.swift in Sources */ = {isa = PBXBuildFile; fileRef = B2E13A29227D42F0005A3391 /* ViewController.swift */; };
		B2E13A2D227D42F0005A3391 /* Main.storyboard in Resources */ = {isa = PBXBuildFile; fileRef = B2E13A2B227D42F0005A3391 /* Main.storyboard */; };
		B2E13A2F227D42F1005A3391 /* Assets.xcassets in Resources */ = {isa = PBXBuildFile; fileRef = B2E13A2E227D42F1005A3391 /* Assets.xcassets */; };
		B2E13A32227D42F1005A3391 /* LaunchScreen.storyboard in Resources */ = {isa = PBXBuildFile; fileRef = B2E13A30227D42F1005A3391 /* LaunchScreen.storyboard */; };
		B2E7ECE4227FFD8D0037B8D1 /* ClassCell.swift in Sources */ = {isa = PBXBuildFile; fileRef = B2E7ECE3227FFD8D0037B8D1 /* ClassCell.swift */; };
		B2FC86D922867C5D00F6D4F6 /* AlertListController.swift in Sources */ = {isa = PBXBuildFile; fileRef = B2FC86D822867C5D00F6D4F6 /* AlertListController.swift */; };
		B2FC86DB22867CCE00F6D4F6 /* AlertCell.swift in Sources */ = {isa = PBXBuildFile; fileRef = B2FC86DA22867CCE00F6D4F6 /* AlertCell.swift */; };
		B2FC86DF22867F4E00F6D4F6 /* AlertModel.swift in Sources */ = {isa = PBXBuildFile; fileRef = B2FC86DE22867F4E00F6D4F6 /* AlertModel.swift */; };
		B2FC86E122868B9800F6D4F6 /* MoreController.swift in Sources */ = {isa = PBXBuildFile; fileRef = B2FC86E022868B9800F6D4F6 /* MoreController.swift */; };
		D9280702987BFCFDAE23C38C /* Pods_WowReservation.framework in Frameworks */ = {isa = PBXBuildFile; fileRef = 2F4D346D1D24FE76A73BACFE /* Pods_WowReservation.framework */; };
/* End PBXBuildFile section */

/* Begin PBXFileReference section */
		2F4D346D1D24FE76A73BACFE /* Pods_WowReservation.framework */ = {isa = PBXFileReference; explicitFileType = wrapper.framework; includeInIndex = 0; path = Pods_WowReservation.framework; sourceTree = BUILT_PRODUCTS_DIR; };
		55C8A4EBD61B13699067A948 /* Pods-WowReservation.debug.xcconfig */ = {isa = PBXFileReference; includeInIndex = 1; lastKnownFileType = text.xcconfig; name = "Pods-WowReservation.debug.xcconfig"; path = "Target Support Files/Pods-WowReservation/Pods-WowReservation.debug.xcconfig"; sourceTree = "<group>"; };
		B2147E5C22816E35007B22B8 /* classModel.swift */ = {isa = PBXFileReference; lastKnownFileType = sourcecode.swift; path = classModel.swift; sourceTree = "<group>"; };
		B29B8121227EB91C00AACD85 /* HomeController.swift */ = {isa = PBXFileReference; lastKnownFileType = sourcecode.swift; path = HomeController.swift; sourceTree = "<group>"; };
		B2E13A24227D42F0005A3391 /* WowReservation.app */ = {isa = PBXFileReference; explicitFileType = wrapper.application; includeInIndex = 0; path = WowReservation.app; sourceTree = BUILT_PRODUCTS_DIR; };
		B2E13A27227D42F0005A3391 /* AppDelegate.swift */ = {isa = PBXFileReference; lastKnownFileType = sourcecode.swift; path = AppDelegate.swift; sourceTree = "<group>"; };
		B2E13A29227D42F0005A3391 /* ViewController.swift */ = {isa = PBXFileReference; lastKnownFileType = sourcecode.swift; path = ViewController.swift; sourceTree = "<group>"; };
		B2E13A2C227D42F0005A3391 /* Base */ = {isa = PBXFileReference; lastKnownFileType = file.storyboard; name = Base; path = Base.lproj/Main.storyboard; sourceTree = "<group>"; };
		B2E13A2E227D42F1005A3391 /* Assets.xcassets */ = {isa = PBXFileReference; lastKnownFileType = folder.assetcatalog; path = Assets.xcassets; sourceTree = "<group>"; };
		B2E13A31227D42F1005A3391 /* Base */ = {isa = PBXFileReference; lastKnownFileType = file.storyboard; name = Base; path = Base.lproj/LaunchScreen.storyboard; sourceTree = "<group>"; };
		B2E13A33227D42F1005A3391 /* Info.plist */ = {isa = PBXFileReference; lastKnownFileType = text.plist.xml; path = Info.plist; sourceTree = "<group>"; };
		B2E7ECE3227FFD8D0037B8D1 /* ClassCell.swift */ = {isa = PBXFileReference; lastKnownFileType = sourcecode.swift; path = ClassCell.swift; sourceTree = "<group>"; };
		B2FC86D822867C5D00F6D4F6 /* AlertListController.swift */ = {isa = PBXFileReference; lastKnownFileType = sourcecode.swift; path = AlertListController.swift; sourceTree = "<group>"; };
		B2FC86DA22867CCE00F6D4F6 /* AlertCell.swift */ = {isa = PBXFileReference; lastKnownFileType = sourcecode.swift; path = AlertCell.swift; sourceTree = "<group>"; };
		B2FC86DE22867F4E00F6D4F6 /* AlertModel.swift */ = {isa = PBXFileReference; lastKnownFileType = sourcecode.swift; path = AlertModel.swift; sourceTree = "<group>"; };
		B2FC86E022868B9800F6D4F6 /* MoreController.swift */ = {isa = PBXFileReference; lastKnownFileType = sourcecode.swift; path = MoreController.swift; sourceTree = "<group>"; };
		C609EEE6CE29F7158EB2CB59 /* Pods-WowReservation.release.xcconfig */ = {isa = PBXFileReference; includeInIndex = 1; lastKnownFileType = text.xcconfig; name = "Pods-WowReservation.release.xcconfig"; path = "Target Support Files/Pods-WowReservation/Pods-WowReservation.release.xcconfig"; sourceTree = "<group>"; };
/* End PBXFileReference section */

/* Begin PBXFrameworksBuildPhase section */
		B2E13A21227D42F0005A3391 /* Frameworks */ = {
			isa = PBXFrameworksBuildPhase;
			buildActionMask = 2147483647;
			files = (
				D9280702987BFCFDAE23C38C /* Pods_WowReservation.framework in Frameworks */,
			);
			runOnlyForDeploymentPostprocessing = 0;
		};
/* End PBXFrameworksBuildPhase section */

/* Begin PBXGroup section */
		050C2C05A270F7BFE061D541 /* Pods */ = {
			isa = PBXGroup;
			children = (
				55C8A4EBD61B13699067A948 /* Pods-WowReservation.debug.xcconfig */,
				C609EEE6CE29F7158EB2CB59 /* Pods-WowReservation.release.xcconfig */,
			);
			path = Pods;
			sourceTree = "<group>";
		};
		B29B8123227EC89F00AACD85 /* Cell */ = {
			isa = PBXGroup;
			children = (
				B2E7ECE3227FFD8D0037B8D1 /* ClassCell.swift */,
				B2FC86DA22867CCE00F6D4F6 /* AlertCell.swift */,
			);
			path = Cell;
			sourceTree = "<group>";
		};
		B2E13A1B227D42F0005A3391 = {
			isa = PBXGroup;
			children = (
				B2E13A26227D42F0005A3391 /* WowReservation */,
				B2E13A25227D42F0005A3391 /* Products */,
				050C2C05A270F7BFE061D541 /* Pods */,
				DAC9A65230D68869E2F88DC0 /* Frameworks */,
			);
			sourceTree = "<group>";
		};
		B2E13A25227D42F0005A3391 /* Products */ = {
			isa = PBXGroup;
			children = (
				B2E13A24227D42F0005A3391 /* WowReservation.app */,
			);
			name = Products;
			sourceTree = "<group>";
		};
		B2E13A26227D42F0005A3391 /* WowReservation */ = {
			isa = PBXGroup;
			children = (
				B5E42CBB229668E400D5E662 /* Model */,
				B5E42CBA229668D200D5E662 /* View */,
				B5E42CBC2296690400D5E662 /* Controller */,
				B2E13A27227D42F0005A3391 /* AppDelegate.swift */,
				B2E13A2B227D42F0005A3391 /* Main.storyboard */,
				B2E13A2E227D42F1005A3391 /* Assets.xcassets */,
				B2E13A30227D42F1005A3391 /* LaunchScreen.storyboard */,
				B2E13A33227D42F1005A3391 /* Info.plist */,
			);
			path = WowReservation;
			sourceTree = "<group>";
		};
		B5E42CBA229668D200D5E662 /* View */ = {
			isa = PBXGroup;
			children = (
				B29B8123227EC89F00AACD85 /* Cell */,
			);
			path = View;
			sourceTree = "<group>";
		};
		B5E42CBB229668E400D5E662 /* Model */ = {
			isa = PBXGroup;
			children = (
				B2147E5C22816E35007B22B8 /* classModel.swift */,
				B2FC86DE22867F4E00F6D4F6 /* AlertModel.swift */,
			);
			path = Model;
			sourceTree = "<group>";
		};
		B5E42CBC2296690400D5E662 /* Controller */ = {
			isa = PBXGroup;
			children = (
				B29B8121227EB91C00AACD85 /* HomeController.swift */,
				B2FC86D822867C5D00F6D4F6 /* AlertListController.swift */,
				B2FC86E022868B9800F6D4F6 /* MoreController.swift */,
				B2E13A29227D42F0005A3391 /* ViewController.swift */,
			);
			path = Controller;
			sourceTree = "<group>";
		};
		DAC9A65230D68869E2F88DC0 /* Frameworks */ = {
			isa = PBXGroup;
			children = (
				2F4D346D1D24FE76A73BACFE /* Pods_WowReservation.framework */,
			);
			name = Frameworks;
			sourceTree = "<group>";
		};
/* End PBXGroup section */

/* Begin PBXNativeTarget section */
		B2E13A23227D42F0005A3391 /* WowReservation */ = {
			isa = PBXNativeTarget;
			buildConfigurationList = B2E13A36227D42F1005A3391 /* Build configuration list for PBXNativeTarget "WowReservation" */;
			buildPhases = (
				2141BA96FA113E13F4F87403 /* [CP] Check Pods Manifest.lock */,
				B2E13A20227D42F0005A3391 /* Sources */,
				B2E13A21227D42F0005A3391 /* Frameworks */,
				B2E13A22227D42F0005A3391 /* Resources */,
				0E888EF66A1318F74F51252E /* [CP] Embed Pods Frameworks */,
			);
			buildRules = (
			);
			dependencies = (
			);
			name = WowReservation;
			productName = WowReservation;
			productReference = B2E13A24227D42F0005A3391 /* WowReservation.app */;
			productType = "com.apple.product-type.application";
		};
/* End PBXNativeTarget section */

/* Begin PBXProject section */
		B2E13A1C227D42F0005A3391 /* Project object */ = {
			isa = PBXProject;
			attributes = {
				LastSwiftUpdateCheck = 1020;
				LastUpgradeCheck = 1020;
				ORGANIZATIONNAME = ucware;
				TargetAttributes = {
					B2E13A23227D42F0005A3391 = {
						CreatedOnToolsVersion = 10.2.1;
					};
				};
			};
			buildConfigurationList = B2E13A1F227D42F0005A3391 /* Build configuration list for PBXProject "WowReservation" */;
			compatibilityVersion = "Xcode 9.3";
			developmentRegion = en;
			hasScannedForEncodings = 0;
			knownRegions = (
				en,
				Base,
			);
			mainGroup = B2E13A1B227D42F0005A3391;
			productRefGroup = B2E13A25227D42F0005A3391 /* Products */;
			projectDirPath = "";
			projectRoot = "";
			targets = (
				B2E13A23227D42F0005A3391 /* WowReservation */,
			);
		};
/* End PBXProject section */

/* Begin PBXResourcesBuildPhase section */
		B2E13A22227D42F0005A3391 /* Resources */ = {
			isa = PBXResourcesBuildPhase;
			buildActionMask = 2147483647;
			files = (
				B2E13A32227D42F1005A3391 /* LaunchScreen.storyboard in Resources */,
				B2E13A2F227D42F1005A3391 /* Assets.xcassets in Resources */,
				B2E13A2D227D42F0005A3391 /* Main.storyboard in Resources */,
			);
			runOnlyForDeploymentPostprocessing = 0;
		};
/* End PBXResourcesBuildPhase section */

/* Begin PBXShellScriptBuildPhase section */
		0E888EF66A1318F74F51252E /* [CP] Embed Pods Frameworks */ = {
			isa = PBXShellScriptBuildPhase;
			buildActionMask = 2147483647;
			files = (
			);
			inputFileListPaths = (
				"${PODS_ROOT}/Target Support Files/Pods-WowReservation/Pods-WowReservation-frameworks-${CONFIGURATION}-input-files.xcfilelist",
			);
			name = "[CP] Embed Pods Frameworks";
			outputFileListPaths = (
				"${PODS_ROOT}/Target Support Files/Pods-WowReservation/Pods-WowReservation-frameworks-${CONFIGURATION}-output-files.xcfilelist",
			);
			runOnlyForDeploymentPostprocessing = 0;
			shellPath = /bin/sh;
			shellScript = "\"${PODS_ROOT}/Target Support Files/Pods-WowReservation/Pods-WowReservation-frameworks.sh\"\n";
			showEnvVarsInLog = 0;
		};
		2141BA96FA113E13F4F87403 /* [CP] Check Pods Manifest.lock */ = {
			isa = PBXShellScriptBuildPhase;
			buildActionMask = 2147483647;
			files = (
			);
			inputFileListPaths = (
			);
			inputPaths = (
				"${PODS_PODFILE_DIR_PATH}/Podfile.lock",
				"${PODS_ROOT}/Manifest.lock",
			);
			name = "[CP] Check Pods Manifest.lock";
			outputFileListPaths = (
			);
			outputPaths = (
				"$(DERIVED_FILE_DIR)/Pods-WowReservation-checkManifestLockResult.txt",
			);
			runOnlyForDeploymentPostprocessing = 0;
			shellPath = /bin/sh;
			shellScript = "diff \"${PODS_PODFILE_DIR_PATH}/Podfile.lock\" \"${PODS_ROOT}/Manifest.lock\" > /dev/null\nif [ $? != 0 ] ; then\n    # print error to STDERR\n    echo \"error: The sandbox is not in sync with the Podfile.lock. Run 'pod install' or update your CocoaPods installation.\" >&2\n    exit 1\nfi\n# This output is used by Xcode 'outputs' to avoid re-running this script phase.\necho \"SUCCESS\" > \"${SCRIPT_OUTPUT_FILE_0}\"\n";
			showEnvVarsInLog = 0;
		};
/* End PBXShellScriptBuildPhase section */

/* Begin PBXSourcesBuildPhase section */
		B2E13A20227D42F0005A3391 /* Sources */ = {
			isa = PBXSourcesBuildPhase;
			buildActionMask = 2147483647;
			files = (
				B2FC86DB22867CCE00F6D4F6 /* AlertCell.swift in Sources */,
				B2E13A2A227D42F0005A3391 /* ViewController.swift in Sources */,
				B2147E5D22816E35007B22B8 /* classModel.swift in Sources */,
				B2FC86D922867C5D00F6D4F6 /* AlertListController.swift in Sources */,
				B2FC86E122868B9800F6D4F6 /* MoreController.swift in Sources */,
				B2E13A28227D42F0005A3391 /* AppDelegate.swift in Sources */,
				B2FC86DF22867F4E00F6D4F6 /* AlertModel.swift in Sources */,
				B2E7ECE4227FFD8D0037B8D1 /* ClassCell.swift in Sources */,
				B29B8122227EB91C00AACD85 /* HomeController.swift in Sources */,
			);
			runOnlyForDeploymentPostprocessing = 0;
		};
/* End PBXSourcesBuildPhase section */

/* Begin PBXVariantGroup section */
		B2E13A2B227D42F0005A3391 /* Main.storyboard */ = {
			isa = PBXVariantGroup;
			children = (
				B2E13A2C227D42F0005A3391 /* Base */,
			);
			name = Main.storyboard;
			sourceTree = "<group>";
		};
		B2E13A30227D42F1005A3391 /* LaunchScreen.storyboard */ = {
			isa = PBXVariantGroup;
			children = (
				B2E13A31227D42F1005A3391 /* Base */,
			);
			name = LaunchScreen.storyboard;
			sourceTree = "<group>";
		};
/* End PBXVariantGroup section */

/* Begin XCBuildConfiguration section */
		B2E13A34227D42F1005A3391 /* Debug */ = {
			isa = XCBuildConfiguration;
			buildSettings = {
				ALWAYS_SEARCH_USER_PATHS = NO;
				CLANG_ANALYZER_NONNULL = YES;
				CLANG_ANALYZER_NUMBER_OBJECT_CONVERSION = YES_AGGRESSIVE;
				CLANG_CXX_LANGUAGE_STANDARD = "gnu++14";
				CLANG_CXX_LIBRARY = "libc++";
				CLANG_ENABLE_MODULES = YES;
				CLANG_ENABLE_OBJC_ARC = YES;
				CLANG_ENABLE_OBJC_WEAK = YES;
				CLANG_WARN_BLOCK_CAPTURE_AUTORELEASING = YES;
				CLANG_WARN_BOOL_CONVERSION = YES;
				CLANG_WARN_COMMA = YES;
				CLANG_WARN_CONSTANT_CONVERSION = YES;
				CLANG_WARN_DEPRECATED_OBJC_IMPLEMENTATIONS = YES;
				CLANG_WARN_DIRECT_OBJC_ISA_USAGE = YES_ERROR;
				CLANG_WARN_DOCUMENTATION_COMMENTS = YES;
				CLANG_WARN_EMPTY_BODY = YES;
				CLANG_WARN_ENUM_CONVERSION = YES;
				CLANG_WARN_INFINITE_RECURSION = YES;
				CLANG_WARN_INT_CONVERSION = YES;
				CLANG_WARN_NON_LITERAL_NULL_CONVERSION = YES;
				CLANG_WARN_OBJC_IMPLICIT_RETAIN_SELF = YES;
				CLANG_WARN_OBJC_LITERAL_CONVERSION = YES;
				CLANG_WARN_OBJC_ROOT_CLASS = YES_ERROR;
				CLANG_WARN_RANGE_LOOP_ANALYSIS = YES;
				CLANG_WARN_STRICT_PROTOTYPES = YES;
				CLANG_WARN_SUSPICIOUS_MOVE = YES;
				CLANG_WARN_UNGUARDED_AVAILABILITY = YES_AGGRESSIVE;
				CLANG_WARN_UNREACHABLE_CODE = YES;
				CLANG_WARN__DUPLICATE_METHOD_MATCH = YES;
				CODE_SIGN_IDENTITY = "iPhone Developer";
				COPY_PHASE_STRIP = NO;
				DEBUG_INFORMATION_FORMAT = dwarf;
				ENABLE_STRICT_OBJC_MSGSEND = YES;
				ENABLE_TESTABILITY = YES;
				GCC_C_LANGUAGE_STANDARD = gnu11;
				GCC_DYNAMIC_NO_PIC = NO;
				GCC_NO_COMMON_BLOCKS = YES;
				GCC_OPTIMIZATION_LEVEL = 0;
				GCC_PREPROCESSOR_DEFINITIONS = (
					"DEBUG=1",
					"$(inherited)",
				);
				GCC_WARN_64_TO_32_BIT_CONVERSION = YES;
				GCC_WARN_ABOUT_RETURN_TYPE = YES_ERROR;
				GCC_WARN_UNDECLARED_SELECTOR = YES;
				GCC_WARN_UNINITIALIZED_AUTOS = YES_AGGRESSIVE;
				GCC_WARN_UNUSED_FUNCTION = YES;
				GCC_WARN_UNUSED_VARIABLE = YES;
				IPHONEOS_DEPLOYMENT_TARGET = 12.2;
				MTL_ENABLE_DEBUG_INFO = INCLUDE_SOURCE;
				MTL_FAST_MATH = YES;
				ONLY_ACTIVE_ARCH = YES;
				SDKROOT = iphoneos;
				SWIFT_ACTIVE_COMPILATION_CONDITIONS = DEBUG;
				SWIFT_OPTIMIZATION_LEVEL = "-Onone";
			};
			name = Debug;
		};
		B2E13A35227D42F1005A3391 /* Release */ = {
			isa = XCBuildConfiguration;
			buildSettings = {
				ALWAYS_SEARCH_USER_PATHS = NO;
				CLANG_ANALYZER_NONNULL = YES;
				CLANG_ANALYZER_NUMBER_OBJECT_CONVERSION = YES_AGGRESSIVE;
				CLANG_CXX_LANGUAGE_STANDARD = "gnu++14";
				CLANG_CXX_LIBRARY = "libc++";
				CLANG_ENABLE_MODULES = YES;
				CLANG_ENABLE_OBJC_ARC = YES;
				CLANG_ENABLE_OBJC_WEAK = YES;
				CLANG_WARN_BLOCK_CAPTURE_AUTORELEASING = YES;
				CLANG_WARN_BOOL_CONVERSION = YES;
				CLANG_WARN_COMMA = YES;
				CLANG_WARN_CONSTANT_CONVERSION = YES;
				CLANG_WARN_DEPRECATED_OBJC_IMPLEMENTATIONS = YES;
				CLANG_WARN_DIRECT_OBJC_ISA_USAGE = YES_ERROR;
				CLANG_WARN_DOCUMENTATION_COMMENTS = YES;
				CLANG_WARN_EMPTY_BODY = YES;
				CLANG_WARN_ENUM_CONVERSION = YES;
				CLANG_WARN_INFINITE_RECURSION = YES;
				CLANG_WARN_INT_CONVERSION = YES;
				CLANG_WARN_NON_LITERAL_NULL_CONVERSION = YES;
				CLANG_WARN_OBJC_IMPLICIT_RETAIN_SELF = YES;
				CLANG_WARN_OBJC_LITERAL_CONVERSION = YES;
				CLANG_WARN_OBJC_ROOT_CLASS = YES_ERROR;
				CLANG_WARN_RANGE_LOOP_ANALYSIS = YES;
				CLANG_WARN_STRICT_PROTOTYPES = YES;
				CLANG_WARN_SUSPICIOUS_MOVE = YES;
				CLANG_WARN_UNGUARDED_AVAILABILITY = YES_AGGRESSIVE;
				CLANG_WARN_UNREACHABLE_CODE = YES;
				CLANG_WARN__DUPLICATE_METHOD_MATCH = YES;
				CODE_SIGN_IDENTITY = "iPhone Developer";
				COPY_PHASE_STRIP = NO;
				DEBUG_INFORMATION_FORMAT = "dwarf-with-dsym";
				ENABLE_NS_ASSERTIONS = NO;
				ENABLE_STRICT_OBJC_MSGSEND = YES;
				GCC_C_LANGUAGE_STANDARD = gnu11;
				GCC_NO_COMMON_BLOCKS = YES;
				GCC_WARN_64_TO_32_BIT_CONVERSION = YES;
				GCC_WARN_ABOUT_RETURN_TYPE = YES_ERROR;
				GCC_WARN_UNDECLARED_SELECTOR = YES;
				GCC_WARN_UNINITIALIZED_AUTOS = YES_AGGRESSIVE;
				GCC_WARN_UNUSED_FUNCTION = YES;
				GCC_WARN_UNUSED_VARIABLE = YES;
				IPHONEOS_DEPLOYMENT_TARGET = 12.2;
				MTL_ENABLE_DEBUG_INFO = NO;
				MTL_FAST_MATH = YES;
				SDKROOT = iphoneos;
				SWIFT_COMPILATION_MODE = wholemodule;
				SWIFT_OPTIMIZATION_LEVEL = "-O";
				VALIDATE_PRODUCT = YES;
			};
			name = Release;
		};
		B2E13A37227D42F1005A3391 /* Debug */ = {
			isa = XCBuildConfiguration;
			baseConfigurationReference = 55C8A4EBD61B13699067A948 /* Pods-WowReservation.debug.xcconfig */;
			buildSettings = {
				ASSETCATALOG_COMPILER_APPICON_NAME = AppIcon;
				CODE_SIGN_STYLE = Automatic;
				DEVELOPMENT_TEAM = 598JEMFJNW;
				INFOPLIST_FILE = WowReservation/Info.plist;
				LD_RUNPATH_SEARCH_PATHS = (
					"$(inherited)",
					"@executable_path/Frameworks",
				);
				PRODUCT_BUNDLE_IDENTIFIER = com.ucware.WowReservation;
				PRODUCT_NAME = "$(TARGET_NAME)";
				SWIFT_VERSION = 5.0;
				TARGETED_DEVICE_FAMILY = "1,2";
			};
			name = Debug;
		};
		B2E13A38227D42F1005A3391 /* Release */ = {
			isa = XCBuildConfiguration;
			baseConfigurationReference = C609EEE6CE29F7158EB2CB59 /* Pods-WowReservation.release.xcconfig */;
			buildSettings = {
				ASSETCATALOG_COMPILER_APPICON_NAME = AppIcon;
				CODE_SIGN_STYLE = Automatic;
				DEVELOPMENT_TEAM = 598JEMFJNW;
				INFOPLIST_FILE = WowReservation/Info.plist;
				LD_RUNPATH_SEARCH_PATHS = (
					"$(inherited)",
					"@executable_path/Frameworks",
				);
				PRODUCT_BUNDLE_IDENTIFIER = com.ucware.WowReservation;
				PRODUCT_NAME = "$(TARGET_NAME)";
				SWIFT_VERSION = 5.0;
				TARGETED_DEVICE_FAMILY = "1,2";
			};
			name = Release;
		};
/* End XCBuildConfiguration section */

/* Begin XCConfigurationList section */
		B2E13A1F227D42F0005A3391 /* Build configuration list for PBXProject "WowReservation" */ = {
			isa = XCConfigurationList;
			buildConfigurations = (
				B2E13A34227D42F1005A3391 /* Debug */,
				B2E13A35227D42F1005A3391 /* Release */,
			);
			defaultConfigurationIsVisible = 0;
			defaultConfigurationName = Release;
		};
		B2E13A36227D42F1005A3391 /* Build configuration list for PBXNativeTarget "WowReservation" */ = {
			isa = XCConfigurationList;
			buildConfigurations = (
				B2E13A37227D42F1005A3391 /* Debug */,
				B2E13A38227D42F1005A3391 /* Release */,
			);
			defaultConfigurationIsVisible = 0;
			defaultConfigurationName = Release;
		};
/* End XCConfigurationList section */
	};
	rootObject = B2E13A1C227D42F0005A3391 /* Project object */;
}
